
Microsoft Visual Studio Solution File, Format Version 12.00
# Visual Studio 14
VisualStudioVersion = 14.0.25420.1
MinimumVisualStudioVersion = 10.0.40219.1
Project("{FAE04EC0-301F-11D3-BF4B-00C04F79EFBC}") = "GUI", "GUI\GUI.csproj", "{57B2A726-CCA9-432E-B74A-2EFA962D1A74}"
EndProject
Project("{FAE04EC0-301F-11D3-BF4B-00C04F79EFBC}") = "CMD", "CMD\CMD.csproj", "{DD89EF8C-A47A-4C6B-97BF-01B81D48847C}"
EndProject
Project("{FAE04EC0-301F-11D3-BF4B-00C04F79EFBC}") = "Test", "Test\Test.csproj", "{9D2C9BF1-3D9C-4D97-9F1B-F4F7167F533B}"
EndProject
Project("{FAE04EC0-301F-11D3-BF4B-00C04F79EFBC}") = "TaskLayer", "TaskLayer\TaskLayer.csproj", "{04B0EE7D-5FD3-47A5-ABAA-658D177E4229}"
EndProject
Project("{FAE04EC0-301F-11D3-BF4B-00C04F79EFBC}") = "EngineLayer", "EngineLayer\EngineLayer.csproj", "{A9A105AF-E6C4-40E8-AA7D-5E6FAB72542A}"
EndProject
Global
	GlobalSection(SolutionConfigurationPlatforms) = preSolution
		Debug|Any CPU = Debug|Any CPU
		Debug|x64 = Debug|x64
		Debug|x86 = Debug|x86
		TestAndRelease|Any CPU = TestAndRelease|Any CPU
		TestAndRelease|x64 = TestAndRelease|x64
		TestAndRelease|x86 = TestAndRelease|x86
		TestAndReleaseTravis|Any CPU = TestAndReleaseTravis|Any CPU
		TestAndReleaseTravis|x64 = TestAndReleaseTravis|x64
		TestAndReleaseTravis|x86 = TestAndReleaseTravis|x86
	EndGlobalSection
	GlobalSection(ProjectConfigurationPlatforms) = postSolution
		{57B2A726-CCA9-432E-B74A-2EFA962D1A74}.Debug|Any CPU.ActiveCfg = Debug|Any CPU
		{57B2A726-CCA9-432E-B74A-2EFA962D1A74}.Debug|Any CPU.Build.0 = Debug|Any CPU
		{57B2A726-CCA9-432E-B74A-2EFA962D1A74}.Debug|x64.ActiveCfg = Debug|x64
		{57B2A726-CCA9-432E-B74A-2EFA962D1A74}.Debug|x64.Build.0 = Debug|x64
		{57B2A726-CCA9-432E-B74A-2EFA962D1A74}.Debug|x86.ActiveCfg = Debug|Any CPU
		{57B2A726-CCA9-432E-B74A-2EFA962D1A74}.Debug|x86.Build.0 = Debug|Any CPU
		{57B2A726-CCA9-432E-B74A-2EFA962D1A74}.TestAndRelease|Any CPU.ActiveCfg = Release|Any CPU
		{57B2A726-CCA9-432E-B74A-2EFA962D1A74}.TestAndRelease|Any CPU.Build.0 = Release|Any CPU
		{57B2A726-CCA9-432E-B74A-2EFA962D1A74}.TestAndRelease|x64.ActiveCfg = Release|x64
		{57B2A726-CCA9-432E-B74A-2EFA962D1A74}.TestAndRelease|x64.Build.0 = Release|x64
		{57B2A726-CCA9-432E-B74A-2EFA962D1A74}.TestAndRelease|x86.ActiveCfg = Release|Any CPU
		{57B2A726-CCA9-432E-B74A-2EFA962D1A74}.TestAndRelease|x86.Build.0 = Release|Any CPU
		{57B2A726-CCA9-432E-B74A-2EFA962D1A74}.TestAndReleaseTravis|Any CPU.ActiveCfg = Release|Any CPU
		{57B2A726-CCA9-432E-B74A-2EFA962D1A74}.TestAndReleaseTravis|x64.ActiveCfg = Release|x64
		{57B2A726-CCA9-432E-B74A-2EFA962D1A74}.TestAndReleaseTravis|x64.Build.0 = Release|x64
		{57B2A726-CCA9-432E-B74A-2EFA962D1A74}.TestAndReleaseTravis|x86.ActiveCfg = Release|Any CPU
		{57B2A726-CCA9-432E-B74A-2EFA962D1A74}.TestAndReleaseTravis|x86.Build.0 = Release|Any CPU
		{DD89EF8C-A47A-4C6B-97BF-01B81D48847C}.Debug|Any CPU.ActiveCfg = Debug|Any CPU
		{DD89EF8C-A47A-4C6B-97BF-01B81D48847C}.Debug|Any CPU.Build.0 = Debug|Any CPU
		{DD89EF8C-A47A-4C6B-97BF-01B81D48847C}.Debug|x64.ActiveCfg = Debug|x64
		{DD89EF8C-A47A-4C6B-97BF-01B81D48847C}.Debug|x64.Build.0 = Debug|x64
		{DD89EF8C-A47A-4C6B-97BF-01B81D48847C}.Debug|x86.ActiveCfg = Debug|Any CPU
		{DD89EF8C-A47A-4C6B-97BF-01B81D48847C}.Debug|x86.Build.0 = Debug|Any CPU
		{DD89EF8C-A47A-4C6B-97BF-01B81D48847C}.TestAndRelease|Any CPU.ActiveCfg = Release|Any CPU
		{DD89EF8C-A47A-4C6B-97BF-01B81D48847C}.TestAndRelease|Any CPU.Build.0 = Release|Any CPU
		{DD89EF8C-A47A-4C6B-97BF-01B81D48847C}.TestAndRelease|x64.ActiveCfg = Release|x64
		{DD89EF8C-A47A-4C6B-97BF-01B81D48847C}.TestAndRelease|x64.Build.0 = Release|x64
		{DD89EF8C-A47A-4C6B-97BF-01B81D48847C}.TestAndRelease|x86.ActiveCfg = Release|x86
		{DD89EF8C-A47A-4C6B-97BF-01B81D48847C}.TestAndRelease|x86.Build.0 = Release|x86
		{DD89EF8C-A47A-4C6B-97BF-01B81D48847C}.TestAndReleaseTravis|Any CPU.ActiveCfg = Release|Any CPU
		{DD89EF8C-A47A-4C6B-97BF-01B81D48847C}.TestAndReleaseTravis|Any CPU.Build.0 = Release|Any CPU
		{DD89EF8C-A47A-4C6B-97BF-01B81D48847C}.TestAndReleaseTravis|x64.ActiveCfg = Release|x64
		{DD89EF8C-A47A-4C6B-97BF-01B81D48847C}.TestAndReleaseTravis|x64.Build.0 = Release|x64
		{DD89EF8C-A47A-4C6B-97BF-01B81D48847C}.TestAndReleaseTravis|x86.ActiveCfg = Release|x86
		{DD89EF8C-A47A-4C6B-97BF-01B81D48847C}.TestAndReleaseTravis|x86.Build.0 = Release|x86
		{9D2C9BF1-3D9C-4D97-9F1B-F4F7167F533B}.Debug|Any CPU.ActiveCfg = Debug|Any CPU
		{9D2C9BF1-3D9C-4D97-9F1B-F4F7167F533B}.Debug|Any CPU.Build.0 = Debug|Any CPU
		{9D2C9BF1-3D9C-4D97-9F1B-F4F7167F533B}.Debug|x64.ActiveCfg = Debug|x64
		{9D2C9BF1-3D9C-4D97-9F1B-F4F7167F533B}.Debug|x64.Build.0 = Debug|x64
		{9D2C9BF1-3D9C-4D97-9F1B-F4F7167F533B}.Debug|x86.ActiveCfg = Debug|Any CPU
		{9D2C9BF1-3D9C-4D97-9F1B-F4F7167F533B}.Debug|x86.Build.0 = Debug|Any CPU
		{9D2C9BF1-3D9C-4D97-9F1B-F4F7167F533B}.TestAndRelease|Any CPU.ActiveCfg = Release|Any CPU
		{9D2C9BF1-3D9C-4D97-9F1B-F4F7167F533B}.TestAndRelease|Any CPU.Build.0 = Release|Any CPU
		{9D2C9BF1-3D9C-4D97-9F1B-F4F7167F533B}.TestAndRelease|x64.ActiveCfg = Release|x64
		{9D2C9BF1-3D9C-4D97-9F1B-F4F7167F533B}.TestAndRelease|x64.Build.0 = Release|x64
		{9D2C9BF1-3D9C-4D97-9F1B-F4F7167F533B}.TestAndRelease|x86.ActiveCfg = Release|Any CPU
		{9D2C9BF1-3D9C-4D97-9F1B-F4F7167F533B}.TestAndRelease|x86.Build.0 = Release|Any CPU
		{9D2C9BF1-3D9C-4D97-9F1B-F4F7167F533B}.TestAndReleaseTravis|Any CPU.ActiveCfg = Release|Any CPU
		{9D2C9BF1-3D9C-4D97-9F1B-F4F7167F533B}.TestAndReleaseTravis|Any CPU.Build.0 = Release|Any CPU
		{9D2C9BF1-3D9C-4D97-9F1B-F4F7167F533B}.TestAndReleaseTravis|x64.ActiveCfg = Release|x64
		{9D2C9BF1-3D9C-4D97-9F1B-F4F7167F533B}.TestAndReleaseTravis|x64.Build.0 = Release|x64
		{9D2C9BF1-3D9C-4D97-9F1B-F4F7167F533B}.TestAndReleaseTravis|x86.ActiveCfg = Release|Any CPU
		{9D2C9BF1-3D9C-4D97-9F1B-F4F7167F533B}.TestAndReleaseTravis|x86.Build.0 = Release|Any CPU
		{04B0EE7D-5FD3-47A5-ABAA-658D177E4229}.Debug|Any CPU.ActiveCfg = Debug|Any CPU
		{04B0EE7D-5FD3-47A5-ABAA-658D177E4229}.Debug|Any CPU.Build.0 = Debug|Any CPU
		{04B0EE7D-5FD3-47A5-ABAA-658D177E4229}.Debug|x64.ActiveCfg = Debug|x64
		{04B0EE7D-5FD3-47A5-ABAA-658D177E4229}.Debug|x64.Build.0 = Debug|x64
		{04B0EE7D-5FD3-47A5-ABAA-658D177E4229}.Debug|x86.ActiveCfg = Debug|Any CPU
		{04B0EE7D-5FD3-47A5-ABAA-658D177E4229}.Debug|x86.Build.0 = Debug|Any CPU
		{04B0EE7D-5FD3-47A5-ABAA-658D177E4229}.TestAndRelease|Any CPU.ActiveCfg = Release|Any CPU
		{04B0EE7D-5FD3-47A5-ABAA-658D177E4229}.TestAndRelease|Any CPU.Build.0 = Release|Any CPU
		{04B0EE7D-5FD3-47A5-ABAA-658D177E4229}.TestAndRelease|x64.ActiveCfg = Release|x64
		{04B0EE7D-5FD3-47A5-ABAA-658D177E4229}.TestAndRelease|x64.Build.0 = Release|x64
		{04B0EE7D-5FD3-47A5-ABAA-658D177E4229}.TestAndRelease|x86.ActiveCfg = Release|Any CPU
		{04B0EE7D-5FD3-47A5-ABAA-658D177E4229}.TestAndRelease|x86.Build.0 = Release|Any CPU
		{04B0EE7D-5FD3-47A5-ABAA-658D177E4229}.TestAndReleaseTravis|Any CPU.ActiveCfg = Release|Any CPU
		{04B0EE7D-5FD3-47A5-ABAA-658D177E4229}.TestAndReleaseTravis|Any CPU.Build.0 = Release|Any CPU
		{04B0EE7D-5FD3-47A5-ABAA-658D177E4229}.TestAndReleaseTravis|x64.ActiveCfg = Release|x64
		{04B0EE7D-5FD3-47A5-ABAA-658D177E4229}.TestAndReleaseTravis|x64.Build.0 = Release|x64
		{04B0EE7D-5FD3-47A5-ABAA-658D177E4229}.TestAndReleaseTravis|x86.ActiveCfg = Release|Any CPU
		{04B0EE7D-5FD3-47A5-ABAA-658D177E4229}.TestAndReleaseTravis|x86.Build.0 = Release|Any CPU
		{A9A105AF-E6C4-40E8-AA7D-5E6FAB72542A}.Debug|Any CPU.ActiveCfg = Debug|Any CPU
		{A9A105AF-E6C4-40E8-AA7D-5E6FAB72542A}.Debug|Any CPU.Build.0 = Debug|Any CPU
		{A9A105AF-E6C4-40E8-AA7D-5E6FAB72542A}.Debug|x64.ActiveCfg = Debug|x64
		{A9A105AF-E6C4-40E8-AA7D-5E6FAB72542A}.Debug|x64.Build.0 = Debug|x64
		{A9A105AF-E6C4-40E8-AA7D-5E6FAB72542A}.Debug|x86.ActiveCfg = Debug|Any CPU
		{A9A105AF-E6C4-40E8-AA7D-5E6FAB72542A}.Debug|x86.Build.0 = Debug|Any CPU
		{A9A105AF-E6C4-40E8-AA7D-5E6FAB72542A}.TestAndRelease|Any CPU.ActiveCfg = Release|Any CPU
		{A9A105AF-E6C4-40E8-AA7D-5E6FAB72542A}.TestAndRelease|Any CPU.Build.0 = Release|Any CPU
		{A9A105AF-E6C4-40E8-AA7D-5E6FAB72542A}.TestAndRelease|x64.ActiveCfg = Release|x64
		{A9A105AF-E6C4-40E8-AA7D-5E6FAB72542A}.TestAndRelease|x64.Build.0 = Release|x64
		{A9A105AF-E6C4-40E8-AA7D-5E6FAB72542A}.TestAndRelease|x86.ActiveCfg = Release|Any CPU
		{A9A105AF-E6C4-40E8-AA7D-5E6FAB72542A}.TestAndRelease|x86.Build.0 = Release|Any CPU
		{A9A105AF-E6C4-40E8-AA7D-5E6FAB72542A}.TestAndReleaseTravis|Any CPU.ActiveCfg = Release|Any CPU
		{A9A105AF-E6C4-40E8-AA7D-5E6FAB72542A}.TestAndReleaseTravis|Any CPU.Build.0 = Release|Any CPU
		{A9A105AF-E6C4-40E8-AA7D-5E6FAB72542A}.TestAndReleaseTravis|x64.ActiveCfg = Release|x64
		{A9A105AF-E6C4-40E8-AA7D-5E6FAB72542A}.TestAndReleaseTravis|x64.Build.0 = Release|x64
		{A9A105AF-E6C4-40E8-AA7D-5E6FAB72542A}.TestAndReleaseTravis|x86.ActiveCfg = Release|Any CPU
		{A9A105AF-E6C4-40E8-AA7D-5E6FAB72542A}.TestAndReleaseTravis|x86.Build.0 = Release|Any CPU
	EndGlobalSection
	GlobalSection(SolutionProperties) = preSolution
		HideSolutionNode = FALSE
	EndGlobalSection
EndGlobal
