
Microsoft Visual Studio Solution File, Format Version 12.00
# Visual Studio Version 16
VisualStudioVersion = 16.0.29403.142
MinimumVisualStudioVersion = 10.0.40219.1
Project("{9A19103F-16F7-4668-BE54-9A1E7A4F7556}") = "CMD", "CMD\CMD.csproj", "{FD20EBBA-F4C5-40D6-AD61-48A7EB255DAE}"
EndProject
Project("{9A19103F-16F7-4668-BE54-9A1E7A4F7556}") = "GUI", "GUI\GUI.csproj", "{C654FC97-FBD1-43D7-9F61-35FDD1A4E0AD}"
EndProject
Project("{9A19103F-16F7-4668-BE54-9A1E7A4F7556}") = "EngineLayer", "EngineLayer\EngineLayer.csproj", "{FFAE3A5E-B5AE-4CD0-ABF9-703C91F1C7D6}"
EndProject
Project("{9A19103F-16F7-4668-BE54-9A1E7A4F7556}") = "TaskLayer", "TaskLayer\TaskLayer.csproj", "{9CD3D75C-4E3C-40AC-A3D8-C32DD528DB7F}"
EndProject
Project("{930C7802-8A8C-48F9-8165-68863BCCD9DD}") = "MetaMorpheusSetup", "MetaMorpheusSetup\MetaMorpheusSetup.wixproj", "{BE72541A-66A4-4958-9D19-56ACC7D3876B}"
	ProjectSection(ProjectDependencies) = postProject
		{C654FC97-FBD1-43D7-9F61-35FDD1A4E0AD} = {C654FC97-FBD1-43D7-9F61-35FDD1A4E0AD}
	EndProjectSection
EndProject
Project("{930C7802-8A8C-48F9-8165-68863BCCD9DD}") = "Bootstrapper1", "Bootstrapper1\Bootstrapper1.wixproj", "{FBA0315B-076D-4470-AFB0-64C8AB4A65A9}"
EndProject
Project("{9A19103F-16F7-4668-BE54-9A1E7A4F7556}") = "GuiFunctions", "GuiFunctions\GuiFunctions.csproj", "{653015B3-CC5A-4D1C-AAD3-1CE2A0C4D197}"
EndProject
Project("{9A19103F-16F7-4668-BE54-9A1E7A4F7556}") = "Test", "Test\Test.csproj", "{7EE028A9-75A2-450F-A9A7-76559ED15419}"
EndProject
Global
	GlobalSection(SolutionConfigurationPlatforms) = preSolution
		Debug|Any CPU = Debug|Any CPU
		Debug|x64 = Debug|x64
		Debug|x86 = Debug|x86
		Release|Any CPU = Release|Any CPU
		Release|x64 = Release|x64
		Release|x86 = Release|x86
	EndGlobalSection
	GlobalSection(ProjectConfigurationPlatforms) = postSolution
		{FD20EBBA-F4C5-40D6-AD61-48A7EB255DAE}.Debug|Any CPU.ActiveCfg = Debug|Any CPU
		{FD20EBBA-F4C5-40D6-AD61-48A7EB255DAE}.Debug|Any CPU.Build.0 = Debug|Any CPU
		{FD20EBBA-F4C5-40D6-AD61-48A7EB255DAE}.Debug|x64.ActiveCfg = Debug|Any CPU
		{FD20EBBA-F4C5-40D6-AD61-48A7EB255DAE}.Debug|x64.Build.0 = Debug|Any CPU
		{FD20EBBA-F4C5-40D6-AD61-48A7EB255DAE}.Debug|x86.ActiveCfg = Debug|Any CPU
		{FD20EBBA-F4C5-40D6-AD61-48A7EB255DAE}.Debug|x86.Build.0 = Debug|Any CPU
		{FD20EBBA-F4C5-40D6-AD61-48A7EB255DAE}.Release|Any CPU.ActiveCfg = Release|Any CPU
		{FD20EBBA-F4C5-40D6-AD61-48A7EB255DAE}.Release|Any CPU.Build.0 = Release|Any CPU
		{FD20EBBA-F4C5-40D6-AD61-48A7EB255DAE}.Release|x64.ActiveCfg = Release|Any CPU
		{FD20EBBA-F4C5-40D6-AD61-48A7EB255DAE}.Release|x64.Build.0 = Release|Any CPU
		{FD20EBBA-F4C5-40D6-AD61-48A7EB255DAE}.Release|x86.ActiveCfg = Release|Any CPU
		{FD20EBBA-F4C5-40D6-AD61-48A7EB255DAE}.Release|x86.Build.0 = Release|Any CPU
		{C654FC97-FBD1-43D7-9F61-35FDD1A4E0AD}.Debug|Any CPU.ActiveCfg = Debug|Any CPU
		{C654FC97-FBD1-43D7-9F61-35FDD1A4E0AD}.Debug|Any CPU.Build.0 = Debug|Any CPU
		{C654FC97-FBD1-43D7-9F61-35FDD1A4E0AD}.Debug|x64.ActiveCfg = Debug|Any CPU
		{C654FC97-FBD1-43D7-9F61-35FDD1A4E0AD}.Debug|x64.Build.0 = Debug|Any CPU
		{C654FC97-FBD1-43D7-9F61-35FDD1A4E0AD}.Debug|x86.ActiveCfg = Debug|Any CPU
		{C654FC97-FBD1-43D7-9F61-35FDD1A4E0AD}.Debug|x86.Build.0 = Debug|Any CPU
		{C654FC97-FBD1-43D7-9F61-35FDD1A4E0AD}.Release|Any CPU.ActiveCfg = Release|Any CPU
		{C654FC97-FBD1-43D7-9F61-35FDD1A4E0AD}.Release|Any CPU.Build.0 = Release|Any CPU
		{C654FC97-FBD1-43D7-9F61-35FDD1A4E0AD}.Release|x64.ActiveCfg = Release|Any CPU
		{C654FC97-FBD1-43D7-9F61-35FDD1A4E0AD}.Release|x64.Build.0 = Release|Any CPU
		{C654FC97-FBD1-43D7-9F61-35FDD1A4E0AD}.Release|x86.ActiveCfg = Release|Any CPU
		{C654FC97-FBD1-43D7-9F61-35FDD1A4E0AD}.Release|x86.Build.0 = Release|Any CPU
		{FFAE3A5E-B5AE-4CD0-ABF9-703C91F1C7D6}.Debug|Any CPU.ActiveCfg = Debug|Any CPU
		{FFAE3A5E-B5AE-4CD0-ABF9-703C91F1C7D6}.Debug|Any CPU.Build.0 = Debug|Any CPU
		{FFAE3A5E-B5AE-4CD0-ABF9-703C91F1C7D6}.Debug|x64.ActiveCfg = Debug|Any CPU
		{FFAE3A5E-B5AE-4CD0-ABF9-703C91F1C7D6}.Debug|x64.Build.0 = Debug|Any CPU
		{FFAE3A5E-B5AE-4CD0-ABF9-703C91F1C7D6}.Debug|x86.ActiveCfg = Debug|Any CPU
		{FFAE3A5E-B5AE-4CD0-ABF9-703C91F1C7D6}.Debug|x86.Build.0 = Debug|Any CPU
		{FFAE3A5E-B5AE-4CD0-ABF9-703C91F1C7D6}.Release|Any CPU.ActiveCfg = Release|Any CPU
		{FFAE3A5E-B5AE-4CD0-ABF9-703C91F1C7D6}.Release|Any CPU.Build.0 = Release|Any CPU
		{FFAE3A5E-B5AE-4CD0-ABF9-703C91F1C7D6}.Release|x64.ActiveCfg = Release|Any CPU
		{FFAE3A5E-B5AE-4CD0-ABF9-703C91F1C7D6}.Release|x64.Build.0 = Release|Any CPU
		{FFAE3A5E-B5AE-4CD0-ABF9-703C91F1C7D6}.Release|x86.ActiveCfg = Release|Any CPU
		{FFAE3A5E-B5AE-4CD0-ABF9-703C91F1C7D6}.Release|x86.Build.0 = Release|Any CPU
		{9CD3D75C-4E3C-40AC-A3D8-C32DD528DB7F}.Debug|Any CPU.ActiveCfg = Debug|Any CPU
		{9CD3D75C-4E3C-40AC-A3D8-C32DD528DB7F}.Debug|Any CPU.Build.0 = Debug|Any CPU
		{9CD3D75C-4E3C-40AC-A3D8-C32DD528DB7F}.Debug|x64.ActiveCfg = Debug|Any CPU
		{9CD3D75C-4E3C-40AC-A3D8-C32DD528DB7F}.Debug|x64.Build.0 = Debug|Any CPU
		{9CD3D75C-4E3C-40AC-A3D8-C32DD528DB7F}.Debug|x86.ActiveCfg = Debug|Any CPU
		{9CD3D75C-4E3C-40AC-A3D8-C32DD528DB7F}.Debug|x86.Build.0 = Debug|Any CPU
		{9CD3D75C-4E3C-40AC-A3D8-C32DD528DB7F}.Release|Any CPU.ActiveCfg = Release|Any CPU
		{9CD3D75C-4E3C-40AC-A3D8-C32DD528DB7F}.Release|Any CPU.Build.0 = Release|Any CPU
		{9CD3D75C-4E3C-40AC-A3D8-C32DD528DB7F}.Release|x64.ActiveCfg = Release|Any CPU
		{9CD3D75C-4E3C-40AC-A3D8-C32DD528DB7F}.Release|x64.Build.0 = Release|Any CPU
		{9CD3D75C-4E3C-40AC-A3D8-C32DD528DB7F}.Release|x86.ActiveCfg = Release|Any CPU
		{9CD3D75C-4E3C-40AC-A3D8-C32DD528DB7F}.Release|x86.Build.0 = Release|Any CPU
		{BE72541A-66A4-4958-9D19-56ACC7D3876B}.Debug|Any CPU.ActiveCfg = Debug|x64
		{BE72541A-66A4-4958-9D19-56ACC7D3876B}.Debug|Any CPU.Build.0 = Debug|x64
		{BE72541A-66A4-4958-9D19-56ACC7D3876B}.Debug|x64.ActiveCfg = Debug|x64
		{BE72541A-66A4-4958-9D19-56ACC7D3876B}.Debug|x64.Build.0 = Debug|x64
		{BE72541A-66A4-4958-9D19-56ACC7D3876B}.Debug|x86.ActiveCfg = Debug|x64
		{BE72541A-66A4-4958-9D19-56ACC7D3876B}.Release|Any CPU.ActiveCfg = Release|x64
		{BE72541A-66A4-4958-9D19-56ACC7D3876B}.Release|Any CPU.Build.0 = Release|x64
		{BE72541A-66A4-4958-9D19-56ACC7D3876B}.Release|x64.ActiveCfg = Release|x64
		{BE72541A-66A4-4958-9D19-56ACC7D3876B}.Release|x64.Build.0 = Release|x64
		{BE72541A-66A4-4958-9D19-56ACC7D3876B}.Release|x86.ActiveCfg = Release|x64
		{FBA0315B-076D-4470-AFB0-64C8AB4A65A9}.Debug|Any CPU.ActiveCfg = Debug|x86
		{FBA0315B-076D-4470-AFB0-64C8AB4A65A9}.Debug|x64.ActiveCfg = Debug|x86
		{FBA0315B-076D-4470-AFB0-64C8AB4A65A9}.Debug|x86.ActiveCfg = Debug|x86
		{FBA0315B-076D-4470-AFB0-64C8AB4A65A9}.Debug|x86.Build.0 = Debug|x86
		{FBA0315B-076D-4470-AFB0-64C8AB4A65A9}.Release|Any CPU.ActiveCfg = Release|x86
		{FBA0315B-076D-4470-AFB0-64C8AB4A65A9}.Release|Any CPU.Build.0 = Release|x86
		{FBA0315B-076D-4470-AFB0-64C8AB4A65A9}.Release|x64.ActiveCfg = Release|x86
		{FBA0315B-076D-4470-AFB0-64C8AB4A65A9}.Release|x64.Build.0 = Release|x86
		{FBA0315B-076D-4470-AFB0-64C8AB4A65A9}.Release|x86.ActiveCfg = Release|x86
		{FBA0315B-076D-4470-AFB0-64C8AB4A65A9}.Release|x86.Build.0 = Release|x86
		{653015B3-CC5A-4D1C-AAD3-1CE2A0C4D197}.Debug|Any CPU.ActiveCfg = Debug|Any CPU
		{653015B3-CC5A-4D1C-AAD3-1CE2A0C4D197}.Debug|Any CPU.Build.0 = Debug|Any CPU
		{653015B3-CC5A-4D1C-AAD3-1CE2A0C4D197}.Debug|x64.ActiveCfg = Debug|Any CPU
		{653015B3-CC5A-4D1C-AAD3-1CE2A0C4D197}.Debug|x64.Build.0 = Debug|Any CPU
		{653015B3-CC5A-4D1C-AAD3-1CE2A0C4D197}.Debug|x86.ActiveCfg = Debug|Any CPU
		{653015B3-CC5A-4D1C-AAD3-1CE2A0C4D197}.Debug|x86.Build.0 = Debug|Any CPU
		{653015B3-CC5A-4D1C-AAD3-1CE2A0C4D197}.Release|Any CPU.ActiveCfg = Release|Any CPU
		{653015B3-CC5A-4D1C-AAD3-1CE2A0C4D197}.Release|Any CPU.Build.0 = Release|Any CPU
		{653015B3-CC5A-4D1C-AAD3-1CE2A0C4D197}.Release|x64.ActiveCfg = Release|Any CPU
		{653015B3-CC5A-4D1C-AAD3-1CE2A0C4D197}.Release|x64.Build.0 = Release|Any CPU
		{653015B3-CC5A-4D1C-AAD3-1CE2A0C4D197}.Release|x86.ActiveCfg = Release|Any CPU
		{653015B3-CC5A-4D1C-AAD3-1CE2A0C4D197}.Release|x86.Build.0 = Release|Any CPU
		{7EE028A9-75A2-450F-A9A7-76559ED15419}.Debug|Any CPU.ActiveCfg = Debug|Any CPU
		{7EE028A9-75A2-450F-A9A7-76559ED15419}.Debug|Any CPU.Build.0 = Debug|Any CPU
		{7EE028A9-75A2-450F-A9A7-76559ED15419}.Debug|x64.ActiveCfg = Debug|Any CPU
		{7EE028A9-75A2-450F-A9A7-76559ED15419}.Debug|x64.Build.0 = Debug|Any CPU
		{7EE028A9-75A2-450F-A9A7-76559ED15419}.Debug|x86.ActiveCfg = Debug|Any CPU
		{7EE028A9-75A2-450F-A9A7-76559ED15419}.Debug|x86.Build.0 = Debug|Any CPU
		{7EE028A9-75A2-450F-A9A7-76559ED15419}.Release|Any CPU.ActiveCfg = Release|Any CPU
		{7EE028A9-75A2-450F-A9A7-76559ED15419}.Release|Any CPU.Build.0 = Release|Any CPU
		{7EE028A9-75A2-450F-A9A7-76559ED15419}.Release|x64.ActiveCfg = Release|Any CPU
		{7EE028A9-75A2-450F-A9A7-76559ED15419}.Release|x64.Build.0 = Release|Any CPU
		{7EE028A9-75A2-450F-A9A7-76559ED15419}.Release|x86.ActiveCfg = Release|Any CPU
		{7EE028A9-75A2-450F-A9A7-76559ED15419}.Release|x86.Build.0 = Release|Any CPU
	EndGlobalSection
	GlobalSection(SolutionProperties) = preSolution
		HideSolutionNode = FALSE
	EndGlobalSection
	GlobalSection(ExtensibilityGlobals) = postSolution
		SolutionGuid = {4735EA49-310B-4478-BF26-64F03519DB48}
	EndGlobalSection
EndGlobal
