
Microsoft Visual Studio Solution File, Format Version 12.00
# Visual Studio 15
VisualStudioVersion = 15.0.27130.2026
MinimumVisualStudioVersion = 10.0.40219.1
Project("{FAE04EC0-301F-11D3-BF4B-00C04F79EFBC}") = "GUI", "GUI\GUI.csproj", "{57B2A726-CCA9-432E-B74A-2EFA962D1A74}"
EndProject
Project("{9A19103F-16F7-4668-BE54-9A1E7A4F7556}") = "CMD", "CMD\CMD.csproj", "{DD89EF8C-A47A-4C6B-97BF-01B81D48847C}"
EndProject
Project("{9A19103F-16F7-4668-BE54-9A1E7A4F7556}") = "Test", "Test\Test.csproj", "{9D2C9BF1-3D9C-4D97-9F1B-F4F7167F533B}"
EndProject
Project("{9A19103F-16F7-4668-BE54-9A1E7A4F7556}") = "TaskLayer", "TaskLayer\TaskLayer.csproj", "{04B0EE7D-5FD3-47A5-ABAA-658D177E4229}"
EndProject
Project("{9A19103F-16F7-4668-BE54-9A1E7A4F7556}") = "EngineLayer", "EngineLayer\EngineLayer.csproj", "{A9A105AF-E6C4-40E8-AA7D-5E6FAB72542A}"
EndProject
Project("{930C7802-8A8C-48F9-8165-68863BCCD9DD}") = "MetaMorpheusSetup", "MetaMorpheusSetup\MetaMorpheusSetup.wixproj", "{BE72541A-66A4-4958-9D19-56ACC7D3876B}"
EndProject
Project("{930C7802-8A8C-48F9-8165-68863BCCD9DD}") = "Bootstrapper1", "Bootstrapper1\Bootstrapper1.wixproj", "{E0A5C097-DF8E-41CD-A541-804F1351D070}"
EndProject
Global
	GlobalSection(SolutionConfigurationPlatforms) = preSolution
		Debug|Any CPU = Debug|Any CPU
		Release|Any CPU = Release|Any CPU
		TestAndRelease|Any CPU = TestAndRelease|Any CPU
		TestAndReleaseLinux|Any CPU = TestAndReleaseLinux|Any CPU
	EndGlobalSection
	GlobalSection(ProjectConfigurationPlatforms) = postSolution
		{57B2A726-CCA9-432E-B74A-2EFA962D1A74}.Debug|Any CPU.ActiveCfg = Debug|Any CPU
		{57B2A726-CCA9-432E-B74A-2EFA962D1A74}.Debug|Any CPU.Build.0 = Debug|Any CPU
		{57B2A726-CCA9-432E-B74A-2EFA962D1A74}.Release|Any CPU.ActiveCfg = Release|Any CPU
		{57B2A726-CCA9-432E-B74A-2EFA962D1A74}.Release|Any CPU.Build.0 = Release|Any CPU
		{57B2A726-CCA9-432E-B74A-2EFA962D1A74}.TestAndRelease|Any CPU.ActiveCfg = Release|Any CPU
		{57B2A726-CCA9-432E-B74A-2EFA962D1A74}.TestAndRelease|Any CPU.Build.0 = Release|Any CPU
		{57B2A726-CCA9-432E-B74A-2EFA962D1A74}.TestAndReleaseLinux|Any CPU.ActiveCfg = Release|Any CPU
		{DD89EF8C-A47A-4C6B-97BF-01B81D48847C}.Debug|Any CPU.ActiveCfg = Debug|Any CPU
		{DD89EF8C-A47A-4C6B-97BF-01B81D48847C}.Debug|Any CPU.Build.0 = Debug|Any CPU
		{DD89EF8C-A47A-4C6B-97BF-01B81D48847C}.Release|Any CPU.ActiveCfg = Release|Any CPU
		{DD89EF8C-A47A-4C6B-97BF-01B81D48847C}.Release|Any CPU.Build.0 = Release|Any CPU
		{DD89EF8C-A47A-4C6B-97BF-01B81D48847C}.TestAndRelease|Any CPU.ActiveCfg = Release|Any CPU
		{DD89EF8C-A47A-4C6B-97BF-01B81D48847C}.TestAndRelease|Any CPU.Build.0 = Release|Any CPU
		{DD89EF8C-A47A-4C6B-97BF-01B81D48847C}.TestAndReleaseLinux|Any CPU.ActiveCfg = Release|Any CPU
		{DD89EF8C-A47A-4C6B-97BF-01B81D48847C}.TestAndReleaseLinux|Any CPU.Build.0 = Release|Any CPU
		{9D2C9BF1-3D9C-4D97-9F1B-F4F7167F533B}.Debug|Any CPU.ActiveCfg = Debug|Any CPU
		{9D2C9BF1-3D9C-4D97-9F1B-F4F7167F533B}.Debug|Any CPU.Build.0 = Debug|Any CPU
		{9D2C9BF1-3D9C-4D97-9F1B-F4F7167F533B}.Release|Any CPU.ActiveCfg = Release|Any CPU
		{9D2C9BF1-3D9C-4D97-9F1B-F4F7167F533B}.Release|Any CPU.Build.0 = Release|Any CPU
		{9D2C9BF1-3D9C-4D97-9F1B-F4F7167F533B}.TestAndRelease|Any CPU.ActiveCfg = Release|Any CPU
		{9D2C9BF1-3D9C-4D97-9F1B-F4F7167F533B}.TestAndRelease|Any CPU.Build.0 = Release|Any CPU
		{9D2C9BF1-3D9C-4D97-9F1B-F4F7167F533B}.TestAndReleaseLinux|Any CPU.ActiveCfg = Release|Any CPU
		{9D2C9BF1-3D9C-4D97-9F1B-F4F7167F533B}.TestAndReleaseLinux|Any CPU.Build.0 = Release|Any CPU
		{04B0EE7D-5FD3-47A5-ABAA-658D177E4229}.Debug|Any CPU.ActiveCfg = Debug|Any CPU
		{04B0EE7D-5FD3-47A5-ABAA-658D177E4229}.Debug|Any CPU.Build.0 = Debug|Any CPU
		{04B0EE7D-5FD3-47A5-ABAA-658D177E4229}.Release|Any CPU.ActiveCfg = Release|Any CPU
		{04B0EE7D-5FD3-47A5-ABAA-658D177E4229}.Release|Any CPU.Build.0 = Release|Any CPU
		{04B0EE7D-5FD3-47A5-ABAA-658D177E4229}.TestAndRelease|Any CPU.ActiveCfg = Release|Any CPU
		{04B0EE7D-5FD3-47A5-ABAA-658D177E4229}.TestAndRelease|Any CPU.Build.0 = Release|Any CPU
		{04B0EE7D-5FD3-47A5-ABAA-658D177E4229}.TestAndReleaseLinux|Any CPU.ActiveCfg = Release|Any CPU
		{04B0EE7D-5FD3-47A5-ABAA-658D177E4229}.TestAndReleaseLinux|Any CPU.Build.0 = Release|Any CPU
		{A9A105AF-E6C4-40E8-AA7D-5E6FAB72542A}.Debug|Any CPU.ActiveCfg = Debug|Any CPU
		{A9A105AF-E6C4-40E8-AA7D-5E6FAB72542A}.Debug|Any CPU.Build.0 = Debug|Any CPU
		{A9A105AF-E6C4-40E8-AA7D-5E6FAB72542A}.Release|Any CPU.ActiveCfg = Release|Any CPU
		{A9A105AF-E6C4-40E8-AA7D-5E6FAB72542A}.Release|Any CPU.Build.0 = Release|Any CPU
		{A9A105AF-E6C4-40E8-AA7D-5E6FAB72542A}.TestAndRelease|Any CPU.ActiveCfg = Release|Any CPU
		{A9A105AF-E6C4-40E8-AA7D-5E6FAB72542A}.TestAndRelease|Any CPU.Build.0 = Release|Any CPU
		{A9A105AF-E6C4-40E8-AA7D-5E6FAB72542A}.TestAndReleaseLinux|Any CPU.ActiveCfg = Release|Any CPU
		{A9A105AF-E6C4-40E8-AA7D-5E6FAB72542A}.TestAndReleaseLinux|Any CPU.Build.0 = Release|Any CPU
		{BE72541A-66A4-4958-9D19-56ACC7D3876B}.Debug|Any CPU.ActiveCfg = Debug|x64
		{BE72541A-66A4-4958-9D19-56ACC7D3876B}.Debug|Any CPU.Build.0 = Debug|x64
		{BE72541A-66A4-4958-9D19-56ACC7D3876B}.Release|Any CPU.ActiveCfg = Release|x64
		{BE72541A-66A4-4958-9D19-56ACC7D3876B}.TestAndRelease|Any CPU.ActiveCfg = Release|x64
		{BE72541A-66A4-4958-9D19-56ACC7D3876B}.TestAndRelease|Any CPU.Build.0 = Release|x64
		{BE72541A-66A4-4958-9D19-56ACC7D3876B}.TestAndReleaseLinux|Any CPU.ActiveCfg = Release|x64
		{E0A5C097-DF8E-41CD-A541-804F1351D070}.Debug|Any CPU.ActiveCfg = Debug|x86
		{E0A5C097-DF8E-41CD-A541-804F1351D070}.Debug|Any CPU.Build.0 = Debug|x86
		{E0A5C097-DF8E-41CD-A541-804F1351D070}.Release|Any CPU.ActiveCfg = Release|x86
		{E0A5C097-DF8E-41CD-A541-804F1351D070}.TestAndRelease|Any CPU.ActiveCfg = Release|x86
		{E0A5C097-DF8E-41CD-A541-804F1351D070}.TestAndRelease|Any CPU.Build.0 = Release|x86
		{E0A5C097-DF8E-41CD-A541-804F1351D070}.TestAndReleaseLinux|Any CPU.ActiveCfg = Release|x86
	EndGlobalSection
	GlobalSection(SolutionProperties) = preSolution
		HideSolutionNode = FALSE
	EndGlobalSection
	GlobalSection(ExtensibilityGlobals) = postSolution
		SolutionGuid = {7E99492F-6D01-4183-8397-2AC150DD3290}
	EndGlobalSection
EndGlobal
