
Microsoft Visual Studio Solution File, Format Version 12.00
# Visual Studio Version 17
VisualStudioVersion = 17.1.32228.430
MinimumVisualStudioVersion = 10.0.40219.1
Project("{9A19103F-16F7-4668-BE54-9A1E7A4F7556}") = "CMD", "CMD\CMD.csproj", "{FD20EBBA-F4C5-40D6-AD61-48A7EB255DAE}"
EndProject
Project("{9A19103F-16F7-4668-BE54-9A1E7A4F7556}") = "GUI", "GUI\GUI.csproj", "{C654FC97-FBD1-43D7-9F61-35FDD1A4E0AD}"
EndProject
Project("{9A19103F-16F7-4668-BE54-9A1E7A4F7556}") = "EngineLayer", "EngineLayer\EngineLayer.csproj", "{FFAE3A5E-B5AE-4CD0-ABF9-703C91F1C7D6}"
EndProject
Project("{9A19103F-16F7-4668-BE54-9A1E7A4F7556}") = "TaskLayer", "TaskLayer\TaskLayer.csproj", "{9CD3D75C-4E3C-40AC-A3D8-C32DD528DB7F}"
EndProject
Project("{B7DD6F7E-DEF8-4E67-B5B7-07EF123DB6F0}") = "MetaMorpheusSetup", "MetaMorpheusSetup\MetaMorpheusSetup.wixproj", "{BE72541A-66A4-4958-9D19-56ACC7D3876B}"
	ProjectSection(ProjectDependencies) = postProject
		{C654FC97-FBD1-43D7-9F61-35FDD1A4E0AD} = {C654FC97-FBD1-43D7-9F61-35FDD1A4E0AD}
	EndProjectSection
EndProject
Project("{9A19103F-16F7-4668-BE54-9A1E7A4F7556}") = "GuiFunctions", "GuiFunctions\GuiFunctions.csproj", "{653015B3-CC5A-4D1C-AAD3-1CE2A0C4D197}"
EndProject
Project("{9A19103F-16F7-4668-BE54-9A1E7A4F7556}") = "Test", "Test\Test.csproj", "{7EE028A9-75A2-450F-A9A7-76559ED15419}"
EndProject
Project("{B7DD6F7E-DEF8-4E67-B5B7-07EF123DB6F0}") = "Bootstrapper", "Bootstrapper\Bootstrapper.wixproj", "{E0EA5AC4-24A9-43DC-8FBC-CCEB3B9935B6}"
EndProject
Global
	GlobalSection(SolutionConfigurationPlatforms) = preSolution
		Debug|Any CPU = Debug|Any CPU
		Release|Any CPU = Release|Any CPU
		UbuntuMac|Any CPU = UbuntuMac|Any CPU
	EndGlobalSection
	GlobalSection(ProjectConfigurationPlatforms) = postSolution
		{FD20EBBA-F4C5-40D6-AD61-48A7EB255DAE}.Debug|Any CPU.ActiveCfg = Debug|Any CPU
		{FD20EBBA-F4C5-40D6-AD61-48A7EB255DAE}.Debug|Any CPU.Build.0 = Debug|Any CPU
		{FD20EBBA-F4C5-40D6-AD61-48A7EB255DAE}.Release|Any CPU.ActiveCfg = Release|Any CPU
		{FD20EBBA-F4C5-40D6-AD61-48A7EB255DAE}.Release|Any CPU.Build.0 = Release|Any CPU
		{FD20EBBA-F4C5-40D6-AD61-48A7EB255DAE}.UbuntuMac|Any CPU.ActiveCfg = Release|Any CPU
		{FD20EBBA-F4C5-40D6-AD61-48A7EB255DAE}.UbuntuMac|Any CPU.Build.0 = Release|Any CPU
		{C654FC97-FBD1-43D7-9F61-35FDD1A4E0AD}.Debug|Any CPU.ActiveCfg = Debug|Any CPU
		{C654FC97-FBD1-43D7-9F61-35FDD1A4E0AD}.Debug|Any CPU.Build.0 = Debug|Any CPU
		{C654FC97-FBD1-43D7-9F61-35FDD1A4E0AD}.Release|Any CPU.ActiveCfg = Release|Any CPU
		{C654FC97-FBD1-43D7-9F61-35FDD1A4E0AD}.Release|Any CPU.Build.0 = Release|Any CPU
		{C654FC97-FBD1-43D7-9F61-35FDD1A4E0AD}.UbuntuMac|Any CPU.ActiveCfg = Release|Any CPU
		{FFAE3A5E-B5AE-4CD0-ABF9-703C91F1C7D6}.Debug|Any CPU.ActiveCfg = Debug|Any CPU
		{FFAE3A5E-B5AE-4CD0-ABF9-703C91F1C7D6}.Debug|Any CPU.Build.0 = Debug|Any CPU
		{FFAE3A5E-B5AE-4CD0-ABF9-703C91F1C7D6}.Release|Any CPU.ActiveCfg = Release|Any CPU
		{FFAE3A5E-B5AE-4CD0-ABF9-703C91F1C7D6}.Release|Any CPU.Build.0 = Release|Any CPU
		{FFAE3A5E-B5AE-4CD0-ABF9-703C91F1C7D6}.UbuntuMac|Any CPU.ActiveCfg = Release|Any CPU
		{FFAE3A5E-B5AE-4CD0-ABF9-703C91F1C7D6}.UbuntuMac|Any CPU.Build.0 = Release|Any CPU
		{9CD3D75C-4E3C-40AC-A3D8-C32DD528DB7F}.Debug|Any CPU.ActiveCfg = Debug|Any CPU
		{9CD3D75C-4E3C-40AC-A3D8-C32DD528DB7F}.Debug|Any CPU.Build.0 = Debug|Any CPU
		{9CD3D75C-4E3C-40AC-A3D8-C32DD528DB7F}.Release|Any CPU.ActiveCfg = Release|Any CPU
		{9CD3D75C-4E3C-40AC-A3D8-C32DD528DB7F}.Release|Any CPU.Build.0 = Release|Any CPU
		{9CD3D75C-4E3C-40AC-A3D8-C32DD528DB7F}.UbuntuMac|Any CPU.ActiveCfg = Release|Any CPU
		{9CD3D75C-4E3C-40AC-A3D8-C32DD528DB7F}.UbuntuMac|Any CPU.Build.0 = Release|Any CPU
		{BE72541A-66A4-4958-9D19-56ACC7D3876B}.Debug|Any CPU.ActiveCfg = Debug|x64
		{BE72541A-66A4-4958-9D19-56ACC7D3876B}.Debug|Any CPU.Build.0 = Debug|x64
		{BE72541A-66A4-4958-9D19-56ACC7D3876B}.Release|Any CPU.ActiveCfg = Release|x64
		{BE72541A-66A4-4958-9D19-56ACC7D3876B}.Release|Any CPU.Build.0 = Release|x64
		{BE72541A-66A4-4958-9D19-56ACC7D3876B}.UbuntuMac|Any CPU.ActiveCfg = Release|x64
		{653015B3-CC5A-4D1C-AAD3-1CE2A0C4D197}.Debug|Any CPU.ActiveCfg = Debug|Any CPU
		{653015B3-CC5A-4D1C-AAD3-1CE2A0C4D197}.Debug|Any CPU.Build.0 = Debug|Any CPU
		{653015B3-CC5A-4D1C-AAD3-1CE2A0C4D197}.Release|Any CPU.ActiveCfg = Release|Any CPU
		{653015B3-CC5A-4D1C-AAD3-1CE2A0C4D197}.Release|Any CPU.Build.0 = Release|Any CPU
		{653015B3-CC5A-4D1C-AAD3-1CE2A0C4D197}.UbuntuMac|Any CPU.ActiveCfg = Release|Any CPU
		{653015B3-CC5A-4D1C-AAD3-1CE2A0C4D197}.UbuntuMac|Any CPU.Build.0 = Release|Any CPU
		{7EE028A9-75A2-450F-A9A7-76559ED15419}.Debug|Any CPU.ActiveCfg = Debug|Any CPU
		{7EE028A9-75A2-450F-A9A7-76559ED15419}.Debug|Any CPU.Build.0 = Debug|Any CPU
		{7EE028A9-75A2-450F-A9A7-76559ED15419}.Release|Any CPU.ActiveCfg = Release|Any CPU
		{7EE028A9-75A2-450F-A9A7-76559ED15419}.Release|Any CPU.Build.0 = Release|Any CPU
		{7EE028A9-75A2-450F-A9A7-76559ED15419}.UbuntuMac|Any CPU.ActiveCfg = Release|Any CPU
		{7EE028A9-75A2-450F-A9A7-76559ED15419}.UbuntuMac|Any CPU.Build.0 = Release|Any CPU
		{E0EA5AC4-24A9-43DC-8FBC-CCEB3B9935B6}.Debug|Any CPU.ActiveCfg = Debug|x64
		{E0EA5AC4-24A9-43DC-8FBC-CCEB3B9935B6}.Debug|Any CPU.Build.0 = Debug|x64
		{E0EA5AC4-24A9-43DC-8FBC-CCEB3B9935B6}.Release|Any CPU.ActiveCfg = Release|x64
		{E0EA5AC4-24A9-43DC-8FBC-CCEB3B9935B6}.Release|Any CPU.Build.0 = Release|x64
		{E0EA5AC4-24A9-43DC-8FBC-CCEB3B9935B6}.UbuntuMac|Any CPU.ActiveCfg = Release|x64
	EndGlobalSection
	GlobalSection(SolutionProperties) = preSolution
		HideSolutionNode = FALSE
	EndGlobalSection
	GlobalSection(ExtensibilityGlobals) = postSolution
		SolutionGuid = {4735EA49-310B-4478-BF26-64F03519DB48}
	EndGlobalSection
EndGlobal
